{
  "lockfileVersion": 1,
  "workspaces": {
    "": {
      "name": "json-schema-validator-gen",
      "dependencies": {
        "json-schema-library": "^10.1.2",
      },
      "devDependencies": {
        "@biomejs/biome": "2.0.5",
        "@types/bun": "latest",
        "@types/node": "^24.0.3",
      },
      "peerDependencies": {
        "typescript": "^5.8.3",
      },
    },
  },
  "packages": {
    "@biomejs/biome": ["@biomejs/biome@2.0.5", "", { "optionalDependencies": { "@biomejs/cli-darwin-arm64": "2.0.5", "@biomejs/cli-darwin-x64": "2.0.5", "@biomejs/cli-linux-arm64": "2.0.5", "@biomejs/cli-linux-arm64-musl": "2.0.5", "@biomejs/cli-linux-x64": "2.0.5", "@biomejs/cli-linux-x64-musl": "2.0.5", "@biomejs/cli-win32-arm64": "2.0.5", "@biomejs/cli-win32-x64": "2.0.5" }, "bin": { "biome": "bin/biome" } }, "sha512-MztFGhE6cVjf3QmomWu83GpTFyWY8KIcskgRf2AqVEMSH4qI4rNdBLdpAQ11TNK9pUfLGz3IIOC1ZYwgBePtig=="],

    "@biomejs/cli-darwin-arm64": ["@biomejs/cli-darwin-arm64@2.0.5", "", { "os": "darwin", "cpu": "arm64" }, "sha512-VIIWQv9Rcj9XresjCf3isBFfWjFStsdGZvm8SmwJzKs/22YQj167ge7DkxuaaZbNf2kmYif0AcjAKvtNedEoEw=="],

    "@biomejs/cli-darwin-x64": ["@biomejs/cli-darwin-x64@2.0.5", "", { "os": "darwin", "cpu": "x64" }, "sha512-DRpGxBgf5Z7HUFcNUB6n66UiD4VlBlMpngNf32wPraxX8vYU6N9cb3xQWOXIQVBBQ64QfsSLJnjNu79i/LNmSg=="],

    "@biomejs/cli-linux-arm64": ["@biomejs/cli-linux-arm64@2.0.5", "", { "os": "linux", "cpu": "arm64" }, "sha512-FQTfDNMXOknf8+g9Eede2daaduRjTC2SNbfWPNFMadN9K3UKjeZ62jwiYxztPaz9zQQsZU8VbddQIaeQY5CmIA=="],

    "@biomejs/cli-linux-arm64-musl": ["@biomejs/cli-linux-arm64-musl@2.0.5", "", { "os": "linux", "cpu": "arm64" }, "sha512-OpflTCOw/ElEs7QZqN/HFaSViPHjAsAPxFJ22LhWUWvuJgcy/Z8+hRV0/3mk/ZRWy5A6fCDKHZqAxU+xB6W4mA=="],

    "@biomejs/cli-linux-x64": ["@biomejs/cli-linux-x64@2.0.5", "", { "os": "linux", "cpu": "x64" }, "sha512-znpfydUDPuDkyBTulnODrQVK2FaG/4hIOPcQSsF2GeauQOYrBAOplj0etGB0NUrr0dFsvaQ15nzDXYb60ACoiw=="],

    "@biomejs/cli-linux-x64-musl": ["@biomejs/cli-linux-x64-musl@2.0.5", "", { "os": "linux", "cpu": "x64" }, "sha512-9lmjCnajAzpZXbav2P6D87ugkhnaDpJtDvOH5uQbY2RXeW6Rq18uOUltxgacGBP+d8GusTr+s3IFOu7SN0Ok8g=="],

    "@biomejs/cli-win32-arm64": ["@biomejs/cli-win32-arm64@2.0.5", "", { "os": "win32", "cpu": "arm64" }, "sha512-CP2wKQB+gh8HdJTFKYRFETqReAjxlcN9AlYDEoye8v2eQp+L9v+PUeDql/wsbaUhSsLR0sjj3PtbBtt+02AN3A=="],

    "@biomejs/cli-win32-x64": ["@biomejs/cli-win32-x64@2.0.5", "", { "os": "win32", "cpu": "x64" }, "sha512-Sw3rz2m6bBADeQpr3+MD7Ch4E1l15DTt/+dfqKnwkm3cn4BrYwnArmvKeZdVsFRDjMyjlKIP88bw1r7o+9aqzw=="],

    "@sagold/json-pointer": ["@sagold/json-pointer@7.1.1", "", {}, "sha512-m6BoBo42tsq0mTy1U53pXfVC5WH5s4DtG0VRhOoYaxy6x9ssZNLHez4dTYF+ghcS1Sf88Bi4BL1aTNhgyjBMqQ=="],

    "@sagold/json-query": ["@sagold/json-query@6.2.0", "", { "dependencies": { "@sagold/json-pointer": "^5.1.2", "ebnf": "^1.9.1" } }, "sha512-7bOIdUE6eHeoWtFm8TvHQHfTVSZuCs+3RpOKmZCDBIOrxpvF/rNFTeuvIyjHva/RR0yVS3kQtr+9TW72LQEZjA=="],

    "@types/bun": ["@types/bun@1.2.17", "", { "dependencies": { "bun-types": "1.2.17" } }, "sha512-l/BYs/JYt+cXA/0+wUhulYJB6a6p//GTPiJ7nV+QHa8iiId4HZmnu/3J/SowP5g0rTiERY2kfGKXEK5Ehltx4Q=="],

    "@types/node": ["@types/node@24.0.3", "", { "dependencies": { "undici-types": "~7.8.0" } }, "sha512-R4I/kzCYAdRLzfiCabn9hxWfbuHS573x+r0dJMkkzThEa7pbrcDWK+9zu3e7aBOouf+rQAciqPFMnxwr0aWgKg=="],

    "bun-types": ["bun-types@1.2.17", "", { "dependencies": { "@types/node": "*" } }, "sha512-ElC7ItwT3SCQwYZDYoAH+q6KT4Fxjl8DtZ6qDulUFBmXA8YB4xo+l54J9ZJN+k2pphfn9vk7kfubeSd5QfTVJQ=="],

    "commander": ["commander@2.20.3", "", {}, "sha512-GpVkmM8vF2vQUkj2LvZmD35JxeJOLCwJ9cUkugyk2nuhbv3+mJvpLYYt+0+USMxE+oj+ey/lJEnhZw75x/OMcQ=="],

    "deepmerge": ["deepmerge@4.3.1", "", {}, "sha512-3sUqbMEc77XqpdNO7FRyRog+eW3ph+GYCbj+rK+uYyRMuwsVy0rMiVtPn+QJlKFvWP/1PYpapqYn0Me2knFn+A=="],

    "discontinuous-range": ["discontinuous-range@1.0.0", "", {}, "sha512-c68LpLbO+7kP/b1Hr1qs8/BJ09F5khZGTxqxZuhzxpmwJKOgRFHJWIb9/KmqnqHhLdO55aOxFH/EGBvUQbL/RQ=="],

    "ebnf": ["ebnf@1.9.1", "", { "bin": { "ebnf": "dist/bin.js" } }, "sha512-uW2UKSsuty9ANJ3YByIQE4ANkD8nqUPO7r6Fwcc1ADKPe9FRdcPpMl3VEput4JSvKBJ4J86npIC2MLP0pYkCuw=="],

    "fast-copy": ["fast-copy@3.0.2", "", {}, "sha512-dl0O9Vhju8IrcLndv2eU4ldt1ftXMqqfgN4H1cpmGV7P6jeB9FwpN9a2c8DPGE1Ys88rNUJVYDHq73CGAGOPfQ=="],

    "fast-deep-equal": ["fast-deep-equal@3.1.3", "", {}, "sha512-f3qQ9oQy9j2AhBe/H9VC91wLmKBCCU/gDOnKNAYG5hswO7BLKj09Hc5HYNz9cGI++xlpDCIgDaitVs03ATR84Q=="],

    "json-schema-library": ["json-schema-library@10.1.2", "", { "dependencies": { "@sagold/json-pointer": "^7.0.0", "@sagold/json-query": "^6.2.0", "deepmerge": "^4.3.1", "fast-copy": "^3.0.2", "fast-deep-equal": "^3.1.3", "smtp-address-parser": "1.0.10", "valid-url": "^1.0.9" } }, "sha512-UkdcTupQkbH7m2Rrl8flU0IgWQN8IGqChG3c8X/xOIohy/8VA8cWcUBO+a2c+Q1M3ES5twNuEqDE8N2CiLCTeA=="],

    "moo": ["moo@0.5.2", "", {}, "sha512-iSAJLHYKnX41mKcJKjqvnAN9sf0LMDTXDEvFv+ffuRR9a1MIuXLjMNL6EsnDHSkKLTWNqQQ5uo61P4EbU4NU+Q=="],

    "nearley": ["nearley@2.20.1", "", { "dependencies": { "commander": "^2.19.0", "moo": "^0.5.0", "railroad-diagrams": "^1.0.0", "randexp": "0.4.6" }, "bin": { "nearleyc": "bin/nearleyc.js", "nearley-test": "bin/nearley-test.js", "nearley-unparse": "bin/nearley-unparse.js", "nearley-railroad": "bin/nearley-railroad.js" } }, "sha512-+Mc8UaAebFzgV+KpI5n7DasuuQCHA89dmwm7JXw3TV43ukfNQ9DnBH3Mdb2g/I4Fdxc26pwimBWvjIw0UAILSQ=="],

    "railroad-diagrams": ["railroad-diagrams@1.0.0", "", {}, "sha512-cz93DjNeLY0idrCNOH6PviZGRN9GJhsdm9hpn1YCS879fj4W+x5IFJhhkRZcwVgMmFF7R82UA/7Oh+R8lLZg6A=="],

    "randexp": ["randexp@0.4.6", "", { "dependencies": { "discontinuous-range": "1.0.0", "ret": "~0.1.10" } }, "sha512-80WNmd9DA0tmZrw9qQa62GPPWfuXJknrmVmLcxvq4uZBdYqb1wYoKTmnlGUchvVWe0XiLupYkBoXVOxz3C8DYQ=="],

    "ret": ["ret@0.1.15", "", {}, "sha512-TTlYpa+OL+vMMNG24xSlQGEJ3B/RzEfUlLct7b5G/ytav+wPrplCpVMFuwzXbkecJrb6IYo1iFb0S9v37754mg=="],

    "smtp-address-parser": ["smtp-address-parser@1.0.10", "", { "dependencies": { "nearley": "^2.20.1" } }, "sha512-Osg9LmvGeAG/hyao4mldbflLOkkr3a+h4m1lwKCK5U8M6ZAr7tdXEz/+/vr752TSGE4MNUlUl9cIK2cB8cgzXg=="],

    "typescript": ["typescript@5.8.3", "", { "bin": { "tsc": "bin/tsc", "tsserver": "bin/tsserver" } }, "sha512-p1diW6TqL9L07nNxvRMM7hMMw4c5XOo/1ibL4aAIGmSAt9slTE1Xgw5KWuof2uTOvCg9BY7ZRi+GaF+7sfgPeQ=="],

    "undici-types": ["undici-types@7.8.0", "", {}, "sha512-9UJ2xGDvQ43tYyVMpuHlsgApydB8ZKfVYTsLDhXkFL/6gfkp+U8xTGdh8pMJv1SpZna0zxG1DwsKZsreLbXBxw=="],

    "valid-url": ["valid-url@1.0.9", "", {}, "sha512-QQDsV8OnSf5Uc30CKSwG9lnhMPe6exHtTXLRYX8uMwKENy640pU+2BgBL0LRbDh/eYRahNCS7aewCx0wf3NYVA=="],

    "@sagold/json-query/@sagold/json-pointer": ["@sagold/json-pointer@5.1.2", "", {}, "sha512-+wAhJZBXa6MNxRScg6tkqEbChEHMgVZAhTHVJ60Y7sbtXtu9XA49KfUkdWlS2x78D6H9nryiKePiYozumauPfA=="],
  }
}
